Microsoft Visual Studio Solution File, Format Version 12.00
# Visual Studio Version 17
VisualStudioVersion = 17.5.2.0
MinimumVisualStudioVersion = 10.0.40219.1
Project("{FAE04EC0-301F-11D3-BF4B-00C04F79EFBC}") = "StoreManagerApi", "StoreManagerApi\StoreManagerApi.csproj", "{BCD1F51A-5552-30E8-6B48-D52C3FE12D8E}"
EndProject
Global
	GlobalSection(SolutionConfigurationPlatforms) = preSolution
		Debug|Any CPU = Debug|Any CPU
		Release|Any CPU = Release|Any CPU
	EndGlobalSection
	GlobalSection(ProjectConfigurationPlatforms) = postSolution
		{BCD1F51A-5552-30E8-6B48-D52C3FE12D8E}.Debug|Any CPU.ActiveCfg = Debug|Any CPU
		{BCD1F51A-5552-30E8-6B48-D52C3FE12D8E}.Debug|Any CPU.Build.0 = Debug|Any CPU
		{BCD1F51A-5552-30E8-6B48-D52C3FE12D8E}.Release|Any CPU.ActiveCfg = Release|Any CPU
		{BCD1F51A-5552-30E8-6B48-D52C3FE12D8E}.Release|Any CPU.Build.0 = Release|Any CPU
	EndGlobalSection
	GlobalSection(SolutionProperties) = preSolution
		HideSolutionNode = FALSE
	EndGlobalSection
	GlobalSection(ExtensibilityGlobals) = postSolution
		SolutionGuid = {B35F9369-8803-46E1-AA33-BFAC3AB49967}
	EndGlobalSection
EndGlobal
